
Microsoft Visual Studio Solution File, Format Version 12.00
# Visual Studio Version 16
VisualStudioVersion = 16.0.30011.22
MinimumVisualStudioVersion = 10.0.40219.1
Project("{8BC9CEB8-8B4A-11D0-8D11-00A0C91BC942}") = "Notepad", "Notepad\Notepad.vcxproj", "{1B083B4F-E2DC-4FBD-A919-817959379C55}"
EndProject
Project("{54435603-DBB4-11D2-8724-00A0C9A8B90C}") = "CNNotepadSetup", "CNNotepadSetup\CNNotepadSetup.vdproj", "{9B6BEF7F-131A-4D9D-8F95-4892DB002C2C}"
EndProject
Global
	GlobalSection(SolutionConfigurationPlatforms) = preSolution
		Debug|x64 = Debug|x64
		Debug|x86 = Debug|x86
		Release|x64 = Release|x64
		Release|x86 = Release|x86
	EndGlobalSection
	GlobalSection(ProjectConfigurationPlatforms) = postSolution
		{1B083B4F-E2DC-4FBD-A919-817959379C55}.Debug|x64.ActiveCfg = Release|x64
		{1B083B4F-E2DC-4FBD-A919-817959379C55}.Debug|x64.Build.0 = Release|x64
		{1B083B4F-E2DC-4FBD-A919-817959379C55}.Debug|x86.ActiveCfg = Debug|Win32
		{1B083B4F-E2DC-4FBD-A919-817959379C55}.Debug|x86.Build.0 = Debug|Win32
		{1B083B4F-E2DC-4FBD-A919-817959379C55}.Release|x64.ActiveCfg = Release|x64
		{1B083B4F-E2DC-4FBD-A919-817959379C55}.Release|x64.Build.0 = Release|x64
		{1B083B4F-E2DC-4FBD-A919-817959379C55}.Release|x86.ActiveCfg = Release|Win32
		{1B083B4F-E2DC-4FBD-A919-817959379C55}.Release|x86.Build.0 = Release|Win32
		{9B6BEF7F-131A-4D9D-8F95-4892DB002C2C}.Debug|x64.ActiveCfg = Release
		{9B6BEF7F-131A-4D9D-8F95-4892DB002C2C}.Debug|x86.ActiveCfg = Debug
		{9B6BEF7F-131A-4D9D-8F95-4892DB002C2C}.Release|x64.ActiveCfg = Release
		{9B6BEF7F-131A-4D9D-8F95-4892DB002C2C}.Release|x86.ActiveCfg = Release
	EndGlobalSection
	GlobalSection(SolutionProperties) = preSolution
		HideSolutionNode = FALSE
	EndGlobalSection
	GlobalSection(ExtensibilityGlobals) = postSolution
		SolutionGuid = {64F05317-DB33-4F76-8A3C-2016AE554736}
	EndGlobalSection
EndGlobal
