<?xml version="1.0" encoding="utf-8"?>
<Project ToolsVersion="4.0" xmlns="http://schemas.microsoft.com/developer/msbuild/2003">
  <ItemGroup>
    <Filter Include="소스 파일">
      <UniqueIdentifier>{4FC737F1-C7A5-4376-A066-2A32D752A2FF}</UniqueIdentifier>
      <Extensions>cpp;c;cc;cxx;c++;def;odl;idl;hpj;bat;asm;asmx</Extensions>
    </Filter>
    <Filter Include="헤더 파일">
      <UniqueIdentifier>{93995380-89BD-4b04-88EB-625FBE52EBFB}</UniqueIdentifier>
      <Extensions>h;hh;hpp;hxx;h++;hm;inl;inc;ipp;xsd</Extensions>
    </Filter>
    <Filter Include="리소스 파일">
      <UniqueIdentifier>{67DA6AB6-F800-4c08-8B7A-83BB121AAD01}</UniqueIdentifier>
      <Extensions>rc;ico;cur;bmp;dlg;rc2;rct;bin;rgs;gif;jpg;jpeg;jpe;resx;tiff;tif;png;wav;mfcribbon-ms</Extensions>
    </Filter>
  </ItemGroup>
  <ItemGroup>
    <ClInclude Include="Caret.h">
      <Filter>헤더 파일</Filter>
    </ClInclude>
    <ClInclude Include="CaretController.h">
      <Filter>헤더 파일</Filter>
    </ClInclude>
    <ClInclude Include="CharacterMetrics.h">
      <Filter>헤더 파일</Filter>
    </ClInclude>
    <ClInclude Include="CommandFactory.h">
      <Filter>헤더 파일</Filter>
    </ClInclude>
    <ClInclude Include="Composite.h">
      <Filter>헤더 파일</Filter>
    </ClInclude>
    <ClInclude Include="DummyLine.h">
      <Filter>헤더 파일</Filter>
    </ClInclude>
    <ClInclude Include="Font.h">
      <Filter>헤더 파일</Filter>
    </ClInclude>
    <ClInclude Include="Glyph.h">
      <Filter>헤더 파일</Filter>
    </ClInclude>
    <ClInclude Include="GlyphFactory.h">
      <Filter>헤더 파일</Filter>
    </ClInclude>
    <ClInclude Include="HScrollActionFactory.h">
      <Filter>헤더 파일</Filter>
    </ClInclude>
    <ClInclude Include="HScrollActions.h">
      <Filter>헤더 파일</Filter>
    </ClInclude>
    <ClInclude Include="KeyActionFactory.h">
      <Filter>헤더 파일</Filter>
    </ClInclude>
    <ClInclude Include="KeyActions.h">
      <Filter>헤더 파일</Filter>
    </ClInclude>
    <ClInclude Include="Line.h">
      <Filter>헤더 파일</Filter>
    </ClInclude>
    <ClInclude Include="Note.h">
      <Filter>헤더 파일</Filter>
    </ClInclude>
    <ClInclude Include="NotepadApp.h">
      <Filter>헤더 파일</Filter>
    </ClInclude>
    <ClInclude Include="NotepadForm.h">
      <Filter>헤더 파일</Filter>
    </ClInclude>
    <ClInclude Include="Observer.h">
      <Filter>헤더 파일</Filter>
    </ClInclude>
    <ClInclude Include="resource.h">
      <Filter>헤더 파일</Filter>
    </ClInclude>
    <ClInclude Include="Scanner.h">
      <Filter>헤더 파일</Filter>
    </ClInclude>
    <ClInclude Include="Scroll.h">
      <Filter>헤더 파일</Filter>
    </ClInclude>
    <ClInclude Include="ScrollController.h">
      <Filter>헤더 파일</Filter>
    </ClInclude>
    <ClInclude Include="Subject.h">
      <Filter>헤더 파일</Filter>
    </ClInclude>
    <ClInclude Include="VScrollActionFactory.h">
      <Filter>헤더 파일</Filter>
    </ClInclude>
    <ClInclude Include="VScrollActions.h">
      <Filter>헤더 파일</Filter>
    </ClInclude>
    <ClInclude Include="Array.h">
      <Filter>헤더 파일</Filter>
    </ClInclude>
    <ClInclude Include="Commands.h">
      <Filter>헤더 파일</Filter>
    </ClInclude>
    <ClInclude Include="FileManager.h">
      <Filter>헤더 파일</Filter>
    </ClInclude>
    <ClInclude Include="Document.h">
      <Filter>헤더 파일</Filter>
    </ClInclude>
    <ClInclude Include="FileDialog.h">
      <Filter>헤더 파일</Filter>
    </ClInclude>
    <ClInclude Include="Files.h">
      <Filter>헤더 파일</Filter>
    </ClInclude>
    <ClInclude Include="FileFactory.h">
      <Filter>헤더 파일</Filter>
    </ClInclude>
    <ClInclude Include="Characters.h">
      <Filter>헤더 파일</Filter>
    </ClInclude>
    <ClInclude Include="Editor.h">
      <Filter>헤더 파일</Filter>
    </ClInclude>
    <ClInclude Include="Selector.h">
      <Filter>헤더 파일</Filter>
    </ClInclude>
    <ClInclude Include="Highlight.h">
      <Filter>헤더 파일</Filter>
    </ClInclude>
    <ClInclude Include="History.h">
      <Filter>헤더 파일</Filter>
    </ClInclude>
    <ClInclude Include="HistoryBook.h">
      <Filter>헤더 파일</Filter>
    </ClInclude>
    <ClInclude Include="Stack.h">
      <Filter>헤더 파일</Filter>
    </ClInclude>
  </ItemGroup>
  <ItemGroup>
    <ClCompile Include="Caret.cpp">
      <Filter>소스 파일</Filter>
    </ClCompile>
    <ClCompile Include="CaretController.cpp">
      <Filter>소스 파일</Filter>
    </ClCompile>
    <ClCompile Include="CharacterMetrics.cpp">
      <Filter>소스 파일</Filter>
    </ClCompile>
    <ClCompile Include="CommandFactory.cpp">
      <Filter>소스 파일</Filter>
    </ClCompile>
    <ClCompile Include="Composite.cpp">
      <Filter>소스 파일</Filter>
    </ClCompile>
    <ClCompile Include="DummyLine.cpp">
      <Filter>소스 파일</Filter>
    </ClCompile>
    <ClCompile Include="Font.cpp">
      <Filter>소스 파일</Filter>
    </ClCompile>
    <ClCompile Include="Glyph.cpp">
      <Filter>소스 파일</Filter>
    </ClCompile>
    <ClCompile Include="GlyphFactory.cpp">
      <Filter>소스 파일</Filter>
    </ClCompile>
    <ClCompile Include="HScrollActionFactory.cpp">
      <Filter>소스 파일</Filter>
    </ClCompile>
    <ClCompile Include="HScrollActions.cpp">
      <Filter>소스 파일</Filter>
    </ClCompile>
    <ClCompile Include="KeyActionFactory.cpp">
      <Filter>소스 파일</Filter>
    </ClCompile>
    <ClCompile Include="KeyActions.cpp">
      <Filter>소스 파일</Filter>
    </ClCompile>
    <ClCompile Include="Line.cpp">
      <Filter>소스 파일</Filter>
    </ClCompile>
    <ClCompile Include="Note.cpp">
      <Filter>소스 파일</Filter>
    </ClCompile>
    <ClCompile Include="NotepadApp.cpp">
      <Filter>소스 파일</Filter>
    </ClCompile>
    <ClCompile Include="NotepadForm.cpp">
      <Filter>소스 파일</Filter>
    </ClCompile>
    <ClCompile Include="Observer.cpp">
      <Filter>소스 파일</Filter>
    </ClCompile>
    <ClCompile Include="Scanner.cpp">
      <Filter>소스 파일</Filter>
    </ClCompile>
    <ClCompile Include="Scroll.cpp">
      <Filter>소스 파일</Filter>
    </ClCompile>
    <ClCompile Include="ScrollController.cpp">
      <Filter>소스 파일</Filter>
    </ClCompile>
    <ClCompile Include="Subject.cpp">
      <Filter>소스 파일</Filter>
    </ClCompile>
    <ClCompile Include="VScrollActionFactory.cpp">
      <Filter>소스 파일</Filter>
    </ClCompile>
    <ClCompile Include="VScrollActions.cpp">
      <Filter>소스 파일</Filter>
    </ClCompile>
    <ClCompile Include="Commands.cpp">
      <Filter>소스 파일</Filter>
    </ClCompile>
    <ClCompile Include="FileManager.cpp">
      <Filter>소스 파일</Filter>
    </ClCompile>
    <ClCompile Include="Document.cpp">
      <Filter>소스 파일</Filter>
    </ClCompile>
    <ClCompile Include="FileDialog.cpp">
      <Filter>소스 파일</Filter>
    </ClCompile>
    <ClCompile Include="Files.cpp">
      <Filter>소스 파일</Filter>
    </ClCompile>
    <ClCompile Include="FileFactory.cpp">
      <Filter>소스 파일</Filter>
    </ClCompile>
    <ClCompile Include="Characters.cpp">
      <Filter>소스 파일</Filter>
    </ClCompile>
    <ClCompile Include="Editor.cpp">
      <Filter>소스 파일</Filter>
    </ClCompile>
    <ClCompile Include="Selector.cpp">
      <Filter>소스 파일</Filter>
    </ClCompile>
    <ClCompile Include="Highlight.cpp">
      <Filter>소스 파일</Filter>
    </ClCompile>
    <ClCompile Include="History.cpp">
      <Filter>소스 파일</Filter>
    </ClCompile>
    <ClCompile Include="HistoryBook.cpp">
      <Filter>소스 파일</Filter>
    </ClCompile>
    <ClCompile Include="Stack.cpp">
      <Filter>소스 파일</Filter>
    </ClCompile>
  </ItemGroup>
  <ItemGroup>
    <ResourceCompile Include="Notepad20190501.rc">
      <Filter>리소스 파일</Filter>
    </ResourceCompile>
  </ItemGroup>
</Project>