<?xml version="1.0" encoding="utf-8"?>
<Project ToolsVersion="4.0" xmlns="http://schemas.microsoft.com/developer/msbuild/2003">
  <ItemGroup>
    <Filter Include="Notepad">
      <UniqueIdentifier>{76d38601-48ba-47a4-9361-beff12684404}</UniqueIdentifier>
    </Filter>
    <Filter Include="TextEditor">
      <UniqueIdentifier>{cc498a26-9a70-49ad-b8f8-c825e32b8d5d}</UniqueIdentifier>
    </Filter>
    <Filter Include="Utilities">
      <UniqueIdentifier>{a187287b-044b-4c12-99e3-0fbeb3449314}</UniqueIdentifier>
    </Filter>
    <Filter Include="Resource">
      <UniqueIdentifier>{67DA6AB6-F800-4c08-8B7A-83BB121AAD01}</UniqueIdentifier>
      <Extensions>rc;ico;cur;bmp;dlg;rc2;rct;bin;rgs;gif;jpg;jpeg;jpe;resx;tiff;tif;png;wav;mfcribbon-ms</Extensions>
    </Filter>
  </ItemGroup>
  <ItemGroup>
    <ClCompile Include="Notepad\Book.cpp">
      <Filter>Notepad</Filter>
    </ClCompile>
    <ClCompile Include="Notepad\CommandFactory.cpp">
      <Filter>Notepad</Filter>
    </ClCompile>
    <ClCompile Include="Notepad\Commands.cpp">
      <Filter>Notepad</Filter>
    </ClCompile>
    <ClCompile Include="Notepad\Document.cpp">
      <Filter>Notepad</Filter>
    </ClCompile>
    <ClCompile Include="Notepad\FileDialog.cpp">
      <Filter>Notepad</Filter>
    </ClCompile>
    <ClCompile Include="Notepad\FileFactory.cpp">
      <Filter>Notepad</Filter>
    </ClCompile>
    <ClCompile Include="Notepad\FileManager.cpp">
      <Filter>Notepad</Filter>
    </ClCompile>
    <ClCompile Include="Notepad\Files.cpp">
      <Filter>Notepad</Filter>
    </ClCompile>
    <ClCompile Include="Notepad\NotepadApp.cpp">
      <Filter>Notepad</Filter>
    </ClCompile>
    <ClCompile Include="Notepad\NotepadForm.cpp">
      <Filter>Notepad</Filter>
    </ClCompile>
    <ClCompile Include="Notepad\PageSetupDialog.cpp">
      <Filter>Notepad</Filter>
    </ClCompile>
    <ClCompile Include="Notepad\PreviewForm.cpp">
      <Filter>Notepad</Filter>
    </ClCompile>
    <ClCompile Include="Notepad\Printer.cpp">
      <Filter>Notepad</Filter>
    </ClCompile>
    <ClCompile Include="Notepad\PrintInformation.cpp">
      <Filter>Notepad</Filter>
    </ClCompile>
    <ClCompile Include="Notepad\PrintingVisitor.cpp">
      <Filter>Notepad</Filter>
    </ClCompile>
    <ClCompile Include="Notepad\PrintJobManager.cpp">
      <Filter>Notepad</Filter>
    </ClCompile>
    <ClCompile Include="Notepad\PrintStateDialog.cpp">
      <Filter>Notepad</Filter>
    </ClCompile>
    <ClCompile Include="TextEditor\Caret.cpp">
      <Filter>TextEditor</Filter>
    </ClCompile>
    <ClCompile Include="TextEditor\CaretController.cpp">
      <Filter>TextEditor</Filter>
    </ClCompile>
    <ClCompile Include="TextEditor\CharacterMetrics.cpp">
      <Filter>TextEditor</Filter>
    </ClCompile>
    <ClCompile Include="TextEditor\Characters.cpp">
      <Filter>TextEditor</Filter>
    </ClCompile>
    <ClCompile Include="TextEditor\Composite.cpp">
      <Filter>TextEditor</Filter>
    </ClCompile>
    <ClCompile Include="TextEditor\DrawingVisitor.cpp">
      <Filter>TextEditor</Filter>
    </ClCompile>
    <ClCompile Include="TextEditor\DummyLine.cpp">
      <Filter>TextEditor</Filter>
    </ClCompile>
    <ClCompile Include="TextEditor\DummyManager.cpp">
      <Filter>TextEditor</Filter>
    </ClCompile>
    <ClCompile Include="TextEditor\Font.cpp">
      <Filter>TextEditor</Filter>
    </ClCompile>
    <ClCompile Include="TextEditor\Glyph.cpp">
      <Filter>TextEditor</Filter>
    </ClCompile>
    <ClCompile Include="TextEditor\GlyphFactory.cpp">
      <Filter>TextEditor</Filter>
    </ClCompile>
    <ClCompile Include="TextEditor\HScrollActionFactory.cpp">
      <Filter>TextEditor</Filter>
    </ClCompile>
    <ClCompile Include="TextEditor\HScrollActions.cpp">
      <Filter>TextEditor</Filter>
    </ClCompile>
    <ClCompile Include="TextEditor\Line.cpp">
      <Filter>TextEditor</Filter>
    </ClCompile>
    <ClCompile Include="TextEditor\Note.cpp">
      <Filter>TextEditor</Filter>
    </ClCompile>
    <ClCompile Include="TextEditor\Observer.cpp">
      <Filter>TextEditor</Filter>
    </ClCompile>
    <ClCompile Include="TextEditor\Scanner.cpp">
      <Filter>TextEditor</Filter>
    </ClCompile>
    <ClCompile Include="TextEditor\Scroll.cpp">
      <Filter>TextEditor</Filter>
    </ClCompile>
    <ClCompile Include="TextEditor\ScrollController.cpp">
      <Filter>TextEditor</Filter>
    </ClCompile>
    <ClCompile Include="TextEditor\Selection.cpp">
      <Filter>TextEditor</Filter>
    </ClCompile>
    <ClCompile Include="TextEditor\Subject.cpp">
      <Filter>TextEditor</Filter>
    </ClCompile>
    <ClCompile Include="TextEditor\Visitor.cpp">
      <Filter>TextEditor</Filter>
    </ClCompile>
    <ClCompile Include="TextEditor\VScrollActionFactory.cpp">
      <Filter>TextEditor</Filter>
    </ClCompile>
    <ClCompile Include="TextEditor\VScrollActions.cpp">
      <Filter>TextEditor</Filter>
    </ClCompile>
    <ClCompile Include="Utilities\Stack.cpp">
      <Filter>Utilities</Filter>
    </ClCompile>
    <ClCompile Include="Utilities\String.cpp">
      <Filter>Utilities</Filter>
    </ClCompile>
    <ClCompile Include="TextEditor\CNTCommandFactory.cpp">
      <Filter>TextEditor</Filter>
    </ClCompile>
    <ClCompile Include="TextEditor\CNTCommands.cpp">
      <Filter>TextEditor</Filter>
    </ClCompile>
    <ClCompile Include="TextEditor\CNTKeyActionFactory.cpp">
      <Filter>TextEditor</Filter>
    </ClCompile>
    <ClCompile Include="TextEditor\CNTKeyActions.cpp">
      <Filter>TextEditor</Filter>
    </ClCompile>
    <ClCompile Include="TextEditor\FindReplaceDialog.cpp">
      <Filter>TextEditor</Filter>
    </ClCompile>
    <ClCompile Include="TextEditor\HistoryBook.cpp">
      <Filter>TextEditor</Filter>
    </ClCompile>
    <ClCompile Include="TextEditor\TextEditingForm.cpp">
      <Filter>TextEditor</Filter>
    </ClCompile>
  </ItemGroup>
  <ItemGroup>
    <ClInclude Include="Notepad\Book.h">
      <Filter>Notepad</Filter>
    </ClInclude>
    <ClInclude Include="Notepad\CommandFactory.h">
      <Filter>Notepad</Filter>
    </ClInclude>
    <ClInclude Include="Notepad\Commands.h">
      <Filter>Notepad</Filter>
    </ClInclude>
    <ClInclude Include="Notepad\Document.h">
      <Filter>Notepad</Filter>
    </ClInclude>
    <ClInclude Include="Notepad\FileDialog.h">
      <Filter>Notepad</Filter>
    </ClInclude>
    <ClInclude Include="Notepad\FileFactory.h">
      <Filter>Notepad</Filter>
    </ClInclude>
    <ClInclude Include="Notepad\FileManager.h">
      <Filter>Notepad</Filter>
    </ClInclude>
    <ClInclude Include="Notepad\Files.h">
      <Filter>Notepad</Filter>
    </ClInclude>
    <ClInclude Include="Notepad\NotepadApp.h">
      <Filter>Notepad</Filter>
    </ClInclude>
    <ClInclude Include="Notepad\NotepadForm.h">
      <Filter>Notepad</Filter>
    </ClInclude>
    <ClInclude Include="Notepad\PageSetupDialog.h">
      <Filter>Notepad</Filter>
    </ClInclude>
    <ClInclude Include="Notepad\PreviewForm.h">
      <Filter>Notepad</Filter>
    </ClInclude>
    <ClInclude Include="Notepad\Printer.h">
      <Filter>Notepad</Filter>
    </ClInclude>
    <ClInclude Include="Notepad\PrintInformation.h">
      <Filter>Notepad</Filter>
    </ClInclude>
    <ClInclude Include="Notepad\PrintingVisitor.h">
      <Filter>Notepad</Filter>
    </ClInclude>
    <ClInclude Include="Notepad\PrintJobManager.h">
      <Filter>Notepad</Filter>
    </ClInclude>
    <ClInclude Include="Notepad\PrintStateDialog.h">
      <Filter>Notepad</Filter>
    </ClInclude>
    <ClInclude Include="Notepad\resource.h">
      <Filter>Notepad</Filter>
    </ClInclude>
    <ClInclude Include="TextEditor\Caret.h">
      <Filter>TextEditor</Filter>
    </ClInclude>
    <ClInclude Include="TextEditor\CaretController.h">
      <Filter>TextEditor</Filter>
    </ClInclude>
    <ClInclude Include="TextEditor\CharacterMetrics.h">
      <Filter>TextEditor</Filter>
    </ClInclude>
    <ClInclude Include="TextEditor\Characters.h">
      <Filter>TextEditor</Filter>
    </ClInclude>
    <ClInclude Include="TextEditor\Composite.h">
      <Filter>TextEditor</Filter>
    </ClInclude>
    <ClInclude Include="TextEditor\DrawingVisitor.h">
      <Filter>TextEditor</Filter>
    </ClInclude>
    <ClInclude Include="TextEditor\DummyLine.h">
      <Filter>TextEditor</Filter>
    </ClInclude>
    <ClInclude Include="TextEditor\DummyManager.h">
      <Filter>TextEditor</Filter>
    </ClInclude>
    <ClInclude Include="TextEditor\Font.h">
      <Filter>TextEditor</Filter>
    </ClInclude>
    <ClInclude Include="TextEditor\Glyph.h">
      <Filter>TextEditor</Filter>
    </ClInclude>
    <ClInclude Include="TextEditor\GlyphFactory.h">
      <Filter>TextEditor</Filter>
    </ClInclude>
    <ClInclude Include="TextEditor\HScrollActionFactory.h">
      <Filter>TextEditor</Filter>
    </ClInclude>
    <ClInclude Include="TextEditor\HScrollActions.h">
      <Filter>TextEditor</Filter>
    </ClInclude>
    <ClInclude Include="TextEditor\Line.h">
      <Filter>TextEditor</Filter>
    </ClInclude>
    <ClInclude Include="TextEditor\Note.h">
      <Filter>TextEditor</Filter>
    </ClInclude>
    <ClInclude Include="TextEditor\Observer.h">
      <Filter>TextEditor</Filter>
    </ClInclude>
    <ClInclude Include="TextEditor\Scanner.h">
      <Filter>TextEditor</Filter>
    </ClInclude>
    <ClInclude Include="TextEditor\Scroll.h">
      <Filter>TextEditor</Filter>
    </ClInclude>
    <ClInclude Include="TextEditor\ScrollController.h">
      <Filter>TextEditor</Filter>
    </ClInclude>
    <ClInclude Include="TextEditor\Selection.h">
      <Filter>TextEditor</Filter>
    </ClInclude>
    <ClInclude Include="TextEditor\Subject.h">
      <Filter>TextEditor</Filter>
    </ClInclude>
    <ClInclude Include="TextEditor\TextEditingForm.h">
      <Filter>TextEditor</Filter>
    </ClInclude>
    <ClInclude Include="TextEditor\Visitor.h">
      <Filter>TextEditor</Filter>
    </ClInclude>
    <ClInclude Include="TextEditor\VScrollActionFactory.h">
      <Filter>TextEditor</Filter>
    </ClInclude>
    <ClInclude Include="TextEditor\VScrollActions.h">
      <Filter>TextEditor</Filter>
    </ClInclude>
    <ClInclude Include="Utilities\Array.h">
      <Filter>Utilities</Filter>
    </ClInclude>
    <ClInclude Include="Utilities\Stack.h">
      <Filter>Utilities</Filter>
    </ClInclude>
    <ClInclude Include="Utilities\String.h">
      <Filter>Utilities</Filter>
    </ClInclude>
    <ClInclude Include="TextEditor\CNTCommandFactory.h">
      <Filter>TextEditor</Filter>
    </ClInclude>
    <ClInclude Include="TextEditor\CNTCommands.h">
      <Filter>TextEditor</Filter>
    </ClInclude>
    <ClInclude Include="TextEditor\CNTKeyActionFactory.h">
      <Filter>TextEditor</Filter>
    </ClInclude>
    <ClInclude Include="TextEditor\CNTKeyActions.h">
      <Filter>TextEditor</Filter>
    </ClInclude>
    <ClInclude Include="TextEditor\FindReplaceDialog.h">
      <Filter>TextEditor</Filter>
    </ClInclude>
    <ClInclude Include="TextEditor\HistoryBook.h">
      <Filter>TextEditor</Filter>
    </ClInclude>
    <ClInclude Include="TextEditor\resource.h">
      <Filter>TextEditor</Filter>
    </ClInclude>
  </ItemGroup>
  <ItemGroup>
    <ResourceCompile Include="Notepad\Notepad20190501.rc">
      <Filter>Resource</Filter>
    </ResourceCompile>
    <ResourceCompile Include="TextEditor\TextEditingForm.rc">
      <Filter>Resource</Filter>
    </ResourceCompile>
  </ItemGroup>
  <ItemGroup>
    <Image Include="Notepad\bmp00001.bmp">
      <Filter>Resource</Filter>
    </Image>
  </ItemGroup>
</Project>